
Microsoft Visual Studio Solution File, Format Version 12.00
# Visual Studio Version 17
VisualStudioVersion = 17.6.33723.286
MinimumVisualStudioVersion = 10.0.40219.1
Project("{9A19103F-16F7-4668-BE54-9A1E7A4F7556}") = "SendMail", "SendMail\SendMail.csproj", "{F64B374B-3777-4479-855D-B899264AC937}"
EndProject
Project("{FAE04EC0-301F-11D3-BF4B-00C04F79EFBC}") = "SendMail.Test", "SendMail.Test\SendMail.Test.csproj", "{B1C1AF25-4E5B-415C-BDCD-24607D6E95C9}"
EndProject
Global
	GlobalSection(SolutionConfigurationPlatforms) = preSolution
		Debug|Any CPU = Debug|Any CPU
		Release|Any CPU = Release|Any CPU
	EndGlobalSection
	GlobalSection(ProjectConfigurationPlatforms) = postSolution
		{F64B374B-3777-4479-855D-B899264AC937}.Debug|Any CPU.ActiveCfg = Debug|Any CPU
		{F64B374B-3777-4479-855D-B899264AC937}.Debug|Any CPU.Build.0 = Debug|Any CPU
		{F64B374B-3777-4479-855D-B899264AC937}.Release|Any CPU.ActiveCfg = Release|Any CPU
		{F64B374B-3777-4479-855D-B899264AC937}.Release|Any CPU.Build.0 = Release|Any CPU
		{B1C1AF25-4E5B-415C-BDCD-24607D6E95C9}.Debug|Any CPU.ActiveCfg = Debug|Any CPU
		{B1C1AF25-4E5B-415C-BDCD-24607D6E95C9}.Debug|Any CPU.Build.0 = Debug|Any CPU
		{B1C1AF25-4E5B-415C-BDCD-24607D6E95C9}.Release|Any CPU.ActiveCfg = Release|Any CPU
		{B1C1AF25-4E5B-415C-BDCD-24607D6E95C9}.Release|Any CPU.Build.0 = Release|Any CPU
	EndGlobalSection
	GlobalSection(SolutionProperties) = preSolution
		HideSolutionNode = FALSE
	EndGlobalSection
	GlobalSection(ExtensibilityGlobals) = postSolution
		SolutionGuid = {52415EF7-8DBE-40B2-AAAE-18C4F4563C40}
	EndGlobalSection
EndGlobal
